// !$*UTF8*$!
{
	archiveVersion = 1;
	classes = {
	};
	objectVersion = 46;
	objects = {

/* Begin PBXBuildFile section */
		053F12DB1AB2408B0027A522 /* main.cpp in Sources */ = {isa = PBXBuildFile; fileRef = 053F12DA1AB2408B0027A522 /* main.cpp */; };
		053F12DD1AB2408B0027A522 /* Robot.1 in CopyFiles */ = {isa = PBXBuildFile; fileRef = 053F12DC1AB2408B0027A522 /* Robot.1 */; };
		053F12E41AB240960027A522 /* Cocoa.framework in Frameworks */ = {isa = PBXBuildFile; fileRef = 053F12E31AB240960027A522 /* Cocoa.framework */; };
		053F12E61AB2409C0027A522 /* OpenGL.framework in Frameworks */ = {isa = PBXBuildFile; fileRef = 053F12E51AB2409C0027A522 /* OpenGL.framework */; };
		053F12E81AB240A10027A522 /* GLUT.framework in Frameworks */ = {isa = PBXBuildFile; fileRef = 053F12E71AB240A10027A522 /* GLUT.framework */; };
		05A61CD21ACDEF010022B461 /* image_DXT.c in Sources */ = {isa = PBXBuildFile; fileRef = 05A61CC81ACDEF010022B461 /* image_DXT.c */; };
		05A61CD31ACDEF010022B461 /* image_helper.c in Sources */ = {isa = PBXBuildFile; fileRef = 05A61CCA1ACDEF010022B461 /* image_helper.c */; };
		05A61CD41ACDEF010022B461 /* SOIL.c in Sources */ = {isa = PBXBuildFile; fileRef = 05A61CCC1ACDEF010022B461 /* SOIL.c */; };
		05A61CD51ACDEF010022B461 /* stb_image_aug.c in Sources */ = {isa = PBXBuildFile; fileRef = 05A61CCE1ACDEF010022B461 /* stb_image_aug.c */; };
/* End PBXBuildFile section */

/* Begin PBXCopyFilesBuildPhase section */
		053F12D51AB2408B0027A522 /* CopyFiles */ = {
			isa = PBXCopyFilesBuildPhase;
			buildActionMask = 2147483647;
			dstPath = /usr/share/man/man1/;
			dstSubfolderSpec = 0;
			files = (
				053F12DD1AB2408B0027A522 /* Robot.1 in CopyFiles */,
			);
			runOnlyForDeploymentPostprocessing = 1;
		};
/* End PBXCopyFilesBuildPhase section */

/* Begin PBXFileReference section */
		05215D841AD4D73800AFF701 /* deathstar.png */ = {isa = PBXFileReference; lastKnownFileType = image.png; path = deathstar.png; sourceTree = "<group>"; };
		053F12D71AB2408B0027A522 /* Robot */ = {isa = PBXFileReference; explicitFileType = "compiled.mach-o.executable"; includeInIndex = 0; path = Robot; sourceTree = BUILT_PRODUCTS_DIR; };
		053F12DA1AB2408B0027A522 /* main.cpp */ = {isa = PBXFileReference; lastKnownFileType = sourcecode.cpp.cpp; path = main.cpp; sourceTree = "<group>"; };
		053F12DC1AB2408B0027A522 /* Robot.1 */ = {isa = PBXFileReference; lastKnownFileType = text.man; path = Robot.1; sourceTree = "<group>"; };
		053F12E31AB240960027A522 /* Cocoa.framework */ = {isa = PBXFileReference; lastKnownFileType = wrapper.framework; name = Cocoa.framework; path = System/Library/Frameworks/Cocoa.framework; sourceTree = SDKROOT; };
		053F12E51AB2409C0027A522 /* OpenGL.framework */ = {isa = PBXFileReference; lastKnownFileType = wrapper.framework; name = OpenGL.framework; path = System/Library/Frameworks/OpenGL.framework; sourceTree = SDKROOT; };
		053F12E71AB240A10027A522 /* GLUT.framework */ = {isa = PBXFileReference; lastKnownFileType = wrapper.framework; name = GLUT.framework; path = System/Library/Frameworks/GLUT.framework; sourceTree = SDKROOT; };
		05A61CC51ACDEF010022B461 /* cat.png */ = {isa = PBXFileReference; lastKnownFileType = image.png; path = cat.png; sourceTree = "<group>"; };
		05A61CC61ACDEF010022B461 /* glass.tga */ = {isa = PBXFileReference; lastKnownFileType = file; path = glass.tga; sourceTree = "<group>"; };
		05A61CC81ACDEF010022B461 /* image_DXT.c */ = {isa = PBXFileReference; fileEncoding = 4; lastKnownFileType = sourcecode.c.c; path = image_DXT.c; sourceTree = "<group>"; };
		05A61CC91ACDEF010022B461 /* image_DXT.h */ = {isa = PBXFileReference; fileEncoding = 4; lastKnownFileType = sourcecode.c.h; path = image_DXT.h; sourceTree = "<group>"; };
		05A61CCA1ACDEF010022B461 /* image_helper.c */ = {isa = PBXFileReference; fileEncoding = 4; lastKnownFileType = sourcecode.c.c; path = image_helper.c; sourceTree = "<group>"; };
		05A61CCB1ACDEF010022B461 /* image_helper.h */ = {isa = PBXFileReference; fileEncoding = 4; lastKnownFileType = sourcecode.c.h; path = image_helper.h; sourceTree = "<group>"; };
		05A61CCC1ACDEF010022B461 /* SOIL.c */ = {isa = PBXFileReference; fileEncoding = 4; lastKnownFileType = sourcecode.c.c; path = SOIL.c; sourceTree = "<group>"; };
		05A61CCD1ACDEF010022B461 /* SOIL.h */ = {isa = PBXFileReference; fileEncoding = 4; lastKnownFileType = sourcecode.c.h; path = SOIL.h; sourceTree = "<group>"; };
		05A61CCE1ACDEF010022B461 /* stb_image_aug.c */ = {isa = PBXFileReference; fileEncoding = 4; lastKnownFileType = sourcecode.c.c; path = stb_image_aug.c; sourceTree = "<group>"; };
		05A61CCF1ACDEF010022B461 /* stb_image_aug.h */ = {isa = PBXFileReference; fileEncoding = 4; lastKnownFileType = sourcecode.c.h; path = stb_image_aug.h; sourceTree = "<group>"; };
		05A61CD01ACDEF010022B461 /* stbi_DDS_aug.h */ = {isa = PBXFileReference; fileEncoding = 4; lastKnownFileType = sourcecode.c.h; path = stbi_DDS_aug.h; sourceTree = "<group>"; };
		05A61CD11ACDEF010022B461 /* stbi_DDS_aug_c.h */ = {isa = PBXFileReference; fileEncoding = 4; lastKnownFileType = sourcecode.c.h; path = stbi_DDS_aug_c.h; sourceTree = "<group>"; };
		05A61CD61ACDFE2D0022B461 /* clouds.jpg */ = {isa = PBXFileReference; lastKnownFileType = image.jpeg; path = clouds.jpg; sourceTree = "<group>"; };
		05A61CD91ACDFFD80022B461 /* greenwater.jpg */ = {isa = PBXFileReference; lastKnownFileType = image.jpeg; path = greenwater.jpg; sourceTree = "<group>"; };
		05A61CDA1ACDFFD80022B461 /* newspace.jpg */ = {isa = PBXFileReference; lastKnownFileType = image.jpeg; path = newspace.jpg; sourceTree = "<group>"; };
		05A61CDB1AD1E92F0022B461 /* diamond.jpg */ = {isa = PBXFileReference; lastKnownFileType = image.jpeg; path = diamond.jpg; sourceTree = "<group>"; };
/* End PBXFileReference section */

/* Begin PBXFrameworksBuildPhase section */
		053F12D41AB2408B0027A522 /* Frameworks */ = {
			isa = PBXFrameworksBuildPhase;
			buildActionMask = 2147483647;
			files = (
				053F12E81AB240A10027A522 /* GLUT.framework in Frameworks */,
				053F12E61AB2409C0027A522 /* OpenGL.framework in Frameworks */,
				053F12E41AB240960027A522 /* Cocoa.framework in Frameworks */,
			);
			runOnlyForDeploymentPostprocessing = 0;
		};
/* End PBXFrameworksBuildPhase section */

/* Begin PBXGroup section */
		053F12CE1AB2408B0027A522 = {
			isa = PBXGroup;
			children = (
				053F12E71AB240A10027A522 /* GLUT.framework */,
				053F12E51AB2409C0027A522 /* OpenGL.framework */,
				053F12E31AB240960027A522 /* Cocoa.framework */,
				053F12D91AB2408B0027A522 /* Robot */,
				053F12D81AB2408B0027A522 /* Products */,
			);
			sourceTree = "<group>";
		};
		053F12D81AB2408B0027A522 /* Products */ = {
			isa = PBXGroup;
			children = (
				053F12D71AB2408B0027A522 /* Robot */,
			);
			name = Products;
			sourceTree = "<group>";
		};
		053F12D91AB2408B0027A522 /* Robot */ = {
			isa = PBXGroup;
			children = (
				053F12DA1AB2408B0027A522 /* main.cpp */,
				05215D841AD4D73800AFF701 /* deathstar.png */,
				05A61CDB1AD1E92F0022B461 /* diamond.jpg */,
				05A61CD91ACDFFD80022B461 /* greenwater.jpg */,
				05A61CDA1ACDFFD80022B461 /* newspace.jpg */,
				05A61CD61ACDFE2D0022B461 /* clouds.jpg */,
				05A61CC51ACDEF010022B461 /* cat.png */,
				05A61CC61ACDEF010022B461 /* glass.tga */,
				05A61CC71ACDEF010022B461 /* SOILArchive */,
				053F12DC1AB2408B0027A522 /* Robot.1 */,
			);
			path = Robot;
			sourceTree = "<group>";
		};
		05A61CC71ACDEF010022B461 /* SOILArchive */ = {
			isa = PBXGroup;
			children = (
				05A61CC81ACDEF010022B461 /* image_DXT.c */,
				05A61CC91ACDEF010022B461 /* image_DXT.h */,
				05A61CCA1ACDEF010022B461 /* image_helper.c */,
				05A61CCB1ACDEF010022B461 /* image_helper.h */,
				05A61CCC1ACDEF010022B461 /* SOIL.c */,
				05A61CCD1ACDEF010022B461 /* SOIL.h */,
				05A61CCE1ACDEF010022B461 /* stb_image_aug.c */,
				05A61CCF1ACDEF010022B461 /* stb_image_aug.h */,
				05A61CD01ACDEF010022B461 /* stbi_DDS_aug.h */,
				05A61CD11ACDEF010022B461 /* stbi_DDS_aug_c.h */,
			);
			path = SOILArchive;
			sourceTree = "<group>";
		};
/* End PBXGroup section */

/* Begin PBXNativeTarget section */
		053F12D61AB2408B0027A522 /* Robot */ = {
			isa = PBXNativeTarget;
			buildConfigurationList = 053F12E01AB2408B0027A522 /* Build configuration list for PBXNativeTarget "Robot" */;
			buildPhases = (
				053F12D31AB2408B0027A522 /* Sources */,
				053F12D41AB2408B0027A522 /* Frameworks */,
				053F12D51AB2408B0027A522 /* CopyFiles */,
			);
			buildRules = (
			);
			dependencies = (
			);
			name = Robot;
			productName = Robot;
			productReference = 053F12D71AB2408B0027A522 /* Robot */;
			productType = "com.apple.product-type.tool";
		};
/* End PBXNativeTarget section */

/* Begin PBXProject section */
		053F12CF1AB2408B0027A522 /* Project object */ = {
			isa = PBXProject;
			attributes = {
				LastUpgradeCheck = 0510;
			};
			buildConfigurationList = 053F12D21AB2408B0027A522 /* Build configuration list for PBXProject "Robot" */;
			compatibilityVersion = "Xcode 3.2";
			developmentRegion = English;
			hasScannedForEncodings = 0;
			knownRegions = (
				en,
			);
			mainGroup = 053F12CE1AB2408B0027A522;
			productRefGroup = 053F12D81AB2408B0027A522 /* Products */;
			projectDirPath = "";
			projectRoot = "";
			targets = (
				053F12D61AB2408B0027A522 /* Robot */,
			);
		};
/* End PBXProject section */

/* Begin PBXSourcesBuildPhase section */
		053F12D31AB2408B0027A522 /* Sources */ = {
			isa = PBXSourcesBuildPhase;
			buildActionMask = 2147483647;
			files = (
				05A61CD31ACDEF010022B461 /* image_helper.c in Sources */,
				05A61CD51ACDEF010022B461 /* stb_image_aug.c in Sources */,
				05A61CD21ACDEF010022B461 /* image_DXT.c in Sources */,
				05A61CD41ACDEF010022B461 /* SOIL.c in Sources */,
				053F12DB1AB2408B0027A522 /* main.cpp in Sources */,
			);
			runOnlyForDeploymentPostprocessing = 0;
		};
/* End PBXSourcesBuildPhase section */

/* Begin XCBuildConfiguration section */
		053F12DE1AB2408B0027A522 /* Debug */ = {
			isa = XCBuildConfiguration;
			buildSettings = {
				ALWAYS_SEARCH_USER_PATHS = NO;
				CLANG_CXX_LANGUAGE_STANDARD = "gnu++0x";
				CLANG_CXX_LIBRARY = "libc++";
				CLANG_ENABLE_MODULES = YES;
				CLANG_ENABLE_OBJC_ARC = YES;
				CLANG_WARN_BOOL_CONVERSION = YES;
				CLANG_WARN_CONSTANT_CONVERSION = YES;
				CLANG_WARN_DIRECT_OBJC_ISA_USAGE = YES_ERROR;
				CLANG_WARN_EMPTY_BODY = YES;
				CLANG_WARN_ENUM_CONVERSION = YES;
				CLANG_WARN_INT_CONVERSION = YES;
				CLANG_WARN_OBJC_ROOT_CLASS = YES_ERROR;
				CLANG_WARN__DUPLICATE_METHOD_MATCH = YES;
				COPY_PHASE_STRIP = NO;
				GCC_C_LANGUAGE_STANDARD = gnu99;
				GCC_DYNAMIC_NO_PIC = NO;
				GCC_ENABLE_OBJC_EXCEPTIONS = YES;
				GCC_OPTIMIZATION_LEVEL = 0;
				GCC_PREPROCESSOR_DEFINITIONS = (
					"DEBUG=1",
					"$(inherited)",
				);
				GCC_SYMBOLS_PRIVATE_EXTERN = NO;
				GCC_WARN_64_TO_32_BIT_CONVERSION = YES;
				GCC_WARN_ABOUT_RETURN_TYPE = YES_ERROR;
				GCC_WARN_UNDECLARED_SELECTOR = YES;
				GCC_WARN_UNINITIALIZED_AUTOS = YES_AGGRESSIVE;
				GCC_WARN_UNUSED_FUNCTION = YES;
				GCC_WARN_UNUSED_VARIABLE = YES;
				MACOSX_DEPLOYMENT_TARGET = 10.10;
				ONLY_ACTIVE_ARCH = YES;
				SDKROOT = macosx;
			};
			name = Debug;
		};
		053F12DF1AB2408B0027A522 /* Release */ = {
			isa = XCBuildConfiguration;
			buildSettings = {
				ALWAYS_SEARCH_USER_PATHS = NO;
				CLANG_CXX_LANGUAGE_STANDARD = "gnu++0x";
				CLANG_CXX_LIBRARY = "libc++";
				CLANG_ENABLE_MODULES = YES;
				CLANG_ENABLE_OBJC_ARC = YES;
				CLANG_WARN_BOOL_CONVERSION = YES;
				CLANG_WARN_CONSTANT_CONVERSION = YES;
				CLANG_WARN_DIRECT_OBJC_ISA_USAGE = YES_ERROR;
				CLANG_WARN_EMPTY_BODY = YES;
				CLANG_WARN_ENUM_CONVERSION = YES;
				CLANG_WARN_INT_CONVERSION = YES;
				CLANG_WARN_OBJC_ROOT_CLASS = YES_ERROR;
				CLANG_WARN__DUPLICATE_METHOD_MATCH = YES;
				COPY_PHASE_STRIP = YES;
				DEBUG_INFORMATION_FORMAT = "dwarf-with-dsym";
				ENABLE_NS_ASSERTIONS = NO;
				GCC_C_LANGUAGE_STANDARD = gnu99;
				GCC_ENABLE_OBJC_EXCEPTIONS = YES;
				GCC_WARN_64_TO_32_BIT_CONVERSION = YES;
				GCC_WARN_ABOUT_RETURN_TYPE = YES_ERROR;
				GCC_WARN_UNDECLARED_SELECTOR = YES;
				GCC_WARN_UNINITIALIZED_AUTOS = YES_AGGRESSIVE;
				GCC_WARN_UNUSED_FUNCTION = YES;
				GCC_WARN_UNUSED_VARIABLE = YES;
				MACOSX_DEPLOYMENT_TARGET = 10.10;
				SDKROOT = macosx;
			};
			name = Release;
		};
		053F12E11AB2408B0027A522 /* Debug */ = {
			isa = XCBuildConfiguration;
			buildSettings = {
				PRODUCT_NAME = "$(TARGET_NAME)";
			};
			name = Debug;
		};
		053F12E21AB2408B0027A522 /* Release */ = {
			isa = XCBuildConfiguration;
			buildSettings = {
				PRODUCT_NAME = "$(TARGET_NAME)";
			};
			name = Release;
		};
/* End XCBuildConfiguration section */

/* Begin XCConfigurationList section */
		053F12D21AB2408B0027A522 /* Build configuration list for PBXProject "Robot" */ = {
			isa = XCConfigurationList;
			buildConfigurations = (
				053F12DE1AB2408B0027A522 /* Debug */,
				053F12DF1AB2408B0027A522 /* Release */,
			);
			defaultConfigurationIsVisible = 0;
			defaultConfigurationName = Release;
		};
		053F12E01AB2408B0027A522 /* Build configuration list for PBXNativeTarget "Robot" */ = {
			isa = XCConfigurationList;
			buildConfigurations = (
				053F12E11AB2408B0027A522 /* Debug */,
				053F12E21AB2408B0027A522 /* Release */,
			);
			defaultConfigurationIsVisible = 0;
			defaultConfigurationName = Release;
		};
/* End XCConfigurationList section */
	};
	rootObject = 053F12CF1AB2408B0027A522 /* Project object */;
}
